
Microsoft Visual Studio Solution File, Format Version 12.00
# Visual Studio 15
VisualStudioVersion = 15.0.26124.0
MinimumVisualStudioVersion = 15.0.26124.0
Project("{FAE04EC0-301F-11D3-BF4B-00C04F79EFBC}") = "TzspServer", "TzspServer\TzspServer.csproj", "{0AFEB05E-05D7-4FBE-A9B1-309A9878ADA3}"
EndProject
Project("{FAE04EC0-301F-11D3-BF4B-00C04F79EFBC}") = "TzspServerAnalyzerApi", "TzspServerAnalyzerApi\TzspServerAnalyzerApi.csproj", "{1F43712B-A9DF-4C8B-869B-E629EFEB4F00}"
EndProject
Project("{2150E333-8FDC-42A3-9474-1A3956D46DE8}") = "Tests", "Tests", "{3D0823F2-ABC7-48DD-86CA-722EBC010D38}"
EndProject
Project("{FAE04EC0-301F-11D3-BF4B-00C04F79EFBC}") = "TestTzspServer", "Tests\TestTzspServer\TestTzspServer.csproj", "{6E6FDC5E-E53B-49BF-83DE-E1A6380516AA}"
EndProject
Project("{FAE04EC0-301F-11D3-BF4B-00C04F79EFBC}") = "TzspPacketUnpacker", "TzspPacketUnpacker\TzspPacketUnpacker.csproj", "{0BC05158-8C2C-4A63-A45C-BE761A062918}"
EndProject
Global
	GlobalSection(SolutionConfigurationPlatforms) = preSolution
		Debug|x64 = Debug|x64
		Debug|x86 = Debug|x86
		Release|x64 = Release|x64
		Release|x86 = Release|x86
	EndGlobalSection
	GlobalSection(SolutionProperties) = preSolution
		HideSolutionNode = FALSE
	EndGlobalSection
	GlobalSection(ProjectConfigurationPlatforms) = postSolution
		{0AFEB05E-05D7-4FBE-A9B1-309A9878ADA3}.Debug|x64.ActiveCfg = Debug|x64
		{0AFEB05E-05D7-4FBE-A9B1-309A9878ADA3}.Debug|x64.Build.0 = Debug|x64
		{0AFEB05E-05D7-4FBE-A9B1-309A9878ADA3}.Debug|x86.ActiveCfg = Debug|x86
		{0AFEB05E-05D7-4FBE-A9B1-309A9878ADA3}.Debug|x86.Build.0 = Debug|x86
		{0AFEB05E-05D7-4FBE-A9B1-309A9878ADA3}.Release|x64.ActiveCfg = Release|x64
		{0AFEB05E-05D7-4FBE-A9B1-309A9878ADA3}.Release|x64.Build.0 = Release|x64
		{0AFEB05E-05D7-4FBE-A9B1-309A9878ADA3}.Release|x86.ActiveCfg = Release|x86
		{0AFEB05E-05D7-4FBE-A9B1-309A9878ADA3}.Release|x86.Build.0 = Release|x86
		{6E6FDC5E-E53B-49BF-83DE-E1A6380516AA}.Debug|x64.ActiveCfg = Debug|Any CPU
		{6E6FDC5E-E53B-49BF-83DE-E1A6380516AA}.Debug|x64.Build.0 = Debug|Any CPU
		{6E6FDC5E-E53B-49BF-83DE-E1A6380516AA}.Debug|x86.ActiveCfg = Debug|Any CPU
		{6E6FDC5E-E53B-49BF-83DE-E1A6380516AA}.Debug|x86.Build.0 = Debug|Any CPU
		{6E6FDC5E-E53B-49BF-83DE-E1A6380516AA}.Release|x64.ActiveCfg = Release|Any CPU
		{6E6FDC5E-E53B-49BF-83DE-E1A6380516AA}.Release|x64.Build.0 = Release|Any CPU
		{6E6FDC5E-E53B-49BF-83DE-E1A6380516AA}.Release|x86.ActiveCfg = Release|Any CPU
		{6E6FDC5E-E53B-49BF-83DE-E1A6380516AA}.Release|x86.Build.0 = Release|Any CPU
		{0BC05158-8C2C-4A63-A45C-BE761A062918}.Debug|x64.ActiveCfg = Debug|Any CPU
		{0BC05158-8C2C-4A63-A45C-BE761A062918}.Debug|x64.Build.0 = Debug|Any CPU
		{0BC05158-8C2C-4A63-A45C-BE761A062918}.Debug|x86.ActiveCfg = Debug|Any CPU
		{0BC05158-8C2C-4A63-A45C-BE761A062918}.Debug|x86.Build.0 = Debug|Any CPU
		{0BC05158-8C2C-4A63-A45C-BE761A062918}.Release|x64.ActiveCfg = Release|Any CPU
		{0BC05158-8C2C-4A63-A45C-BE761A062918}.Release|x64.Build.0 = Release|Any CPU
		{0BC05158-8C2C-4A63-A45C-BE761A062918}.Release|x86.ActiveCfg = Release|Any CPU
		{0BC05158-8C2C-4A63-A45C-BE761A062918}.Release|x86.Build.0 = Release|Any CPU
		{1F43712B-A9DF-4C8B-869B-E629EFEB4F00}.Debug|x64.ActiveCfg = Debug|Any CPU
		{1F43712B-A9DF-4C8B-869B-E629EFEB4F00}.Debug|x64.Build.0 = Debug|Any CPU
		{1F43712B-A9DF-4C8B-869B-E629EFEB4F00}.Debug|x86.ActiveCfg = Debug|Any CPU
		{1F43712B-A9DF-4C8B-869B-E629EFEB4F00}.Debug|x86.Build.0 = Debug|Any CPU
		{1F43712B-A9DF-4C8B-869B-E629EFEB4F00}.Release|x64.ActiveCfg = Release|Any CPU
		{1F43712B-A9DF-4C8B-869B-E629EFEB4F00}.Release|x64.Build.0 = Release|Any CPU
		{1F43712B-A9DF-4C8B-869B-E629EFEB4F00}.Release|x86.ActiveCfg = Release|Any CPU
		{1F43712B-A9DF-4C8B-869B-E629EFEB4F00}.Release|x86.Build.0 = Release|Any CPU
	EndGlobalSection
	GlobalSection(NestedProjects) = preSolution
		{6E6FDC5E-E53B-49BF-83DE-E1A6380516AA} = {3D0823F2-ABC7-48DD-86CA-722EBC010D38}
	EndGlobalSection
EndGlobal
